# This file was autogenerated by Stack.
# You should not edit this file by hand.
# For more information, please see the documentation at:
#   https://docs.haskellstack.org/en/stable/topics/lock_files

packages:
- completed:
    hackage: AsyncRattus-0.2.1@sha256:4ed2c32d47d556c50d5da3cab9b0e51856b5b68c97a231b76bf9b2e2958ee14e,6267
    pantry-tree:
      sha256: 751a9e855cc61b24c661fc7028eb8b6c625c292e8785261e9d20053287fed5e7
      size: 1698
  original:
    hackage: AsyncRattus-0.2.1
snapshots:
- completed:
    sha256: 6a553c5fa4f211a9b639da5e5359124a93627852dd9967bed202fdd71b25f15e
    size: 720021
    url: https://raw.githubusercontent.com/commercialhaskell/stackage-snapshots/master/lts/22/36.yaml
  original:
    url: https://raw.githubusercontent.com/commercialhaskell/stackage-snapshots/master/lts/22/36.yaml
