# This file was autogenerated by Stack.
# You should not edit this file by hand.
# For more information, please see the documentation at:
#   https://docs.haskellstack.org/en/stable/lock_files

packages:
- completed:
    hackage: AsyncRattus-0.2.0.1@sha256:fc6b7f956391afaf3022bf40212d905a97f458ef9f041c633429cf22a512940a,6269
    pantry-tree:
      sha256: c70eb5620f85d56299b4f07c2fa8e5d176aeb13254100452537ca48689337f65
      size: 1698
  original:
    hackage: AsyncRattus-0.2.0.1@sha256:fc6b7f956391afaf3022bf40212d905a97f458ef9f041c633429cf22a512940a,6269
snapshots:
- completed:
    sha256: c6274f9587d6bf40b6aaa7d1092684c37a2d8bb1e0df999ae0e2b755db15682d
    size: 720026
    url: https://raw.githubusercontent.com/commercialhaskell/stackage-snapshots/master/lts/22/37.yaml
  original:
    url: https://raw.githubusercontent.com/commercialhaskell/stackage-snapshots/master/lts/22/37.yaml
