# This file was autogenerated by Stack.
# You should not edit this file by hand.
# For more information, please see the documentation at:
#   https://docs.haskellstack.org/en/stable/lock_files

packages:
- completed:
    hackage: Rattus-0.5.1.1@sha256:597a92eca58d73911cb80231d13fec1f74624a015570512d699a1aee34de7461,7090
    pantry-tree:
      sha256: a30cd4f08e8f06ab02950052e83c97a1a142bfcd8b111f4138321b2fa50c934a
      size: 1794
  original:
    hackage: Rattus-0.5.1.1
snapshots:
- completed:
    sha256: c6274f9587d6bf40b6aaa7d1092684c37a2d8bb1e0df999ae0e2b755db15682d
    size: 720026
    url: https://raw.githubusercontent.com/commercialhaskell/stackage-snapshots/master/lts/22/37.yaml
  original:
    url: https://raw.githubusercontent.com/commercialhaskell/stackage-snapshots/master/lts/22/37.yaml
